
Microsoft Visual Studio Solution File, Format Version 12.00
# Visual Studio Version 17
VisualStudioVersion = 17.3.32804.467
MinimumVisualStudioVersion = 10.0.40219.1
Project("{9A19103F-16F7-4668-BE54-9A1E7A4F7556}") = "RegisterAPI", "RegisterAPI.csproj", "{9CB62462-BC98-4C92-B430-B56AF2B8C911}"
EndProject
Project("{9A19103F-16F7-4668-BE54-9A1E7A4F7556}") = "Infrastructure", "..\Infrastructure\Infrastructure.csproj", "{E7783D73-192C-4265-808A-1D2A9995A496}"
EndProject
Global
	GlobalSection(SolutionConfigurationPlatforms) = preSolution
		Debug|Any CPU = Debug|Any CPU
		Release|Any CPU = Release|Any CPU
	EndGlobalSection
	GlobalSection(ProjectConfigurationPlatforms) = postSolution
		{9CB62462-BC98-4C92-B430-B56AF2B8C911}.Debug|Any CPU.ActiveCfg = Debug|Any CPU
		{9CB62462-BC98-4C92-B430-B56AF2B8C911}.Debug|Any CPU.Build.0 = Debug|Any CPU
		{9CB62462-BC98-4C92-B430-B56AF2B8C911}.Release|Any CPU.ActiveCfg = Release|Any CPU
		{9CB62462-BC98-4C92-B430-B56AF2B8C911}.Release|Any CPU.Build.0 = Release|Any CPU
		{E7783D73-192C-4265-808A-1D2A9995A496}.Debug|Any CPU.ActiveCfg = Debug|Any CPU
		{E7783D73-192C-4265-808A-1D2A9995A496}.Debug|Any CPU.Build.0 = Debug|Any CPU
		{E7783D73-192C-4265-808A-1D2A9995A496}.Release|Any CPU.ActiveCfg = Release|Any CPU
		{E7783D73-192C-4265-808A-1D2A9995A496}.Release|Any CPU.Build.0 = Release|Any CPU
	EndGlobalSection
	GlobalSection(SolutionProperties) = preSolution
		HideSolutionNode = FALSE
	EndGlobalSection
	GlobalSection(ExtensibilityGlobals) = postSolution
		SolutionGuid = {D450AD35-2765-4E6C-AA51-B384C9F589F4}
	EndGlobalSection
EndGlobal
